{
  "projects": [
    {
      "projectId": "gmeH6XgPaBtkt51HunAo4g",
      "version": "18.15.0",
      "dependencies": {},
      "lang": "js",
      "fileLocks": [
        {
          "assetId": "gmeH6XgPaBtkt51HunAo4g",
          "type": "projectCss",
          "checksum": "1c02168c6b23256606111fdfdbb63549"
        }
      ],
      "codegenVersion": "0.0.1"
    },
    {
      "projectId": "riVYfd7Jgv4QCX85Q24XGF",
      "version": "latest",
      "dependencies": {
        "gmeH6XgPaBtkt51HunAo4g": "18.15.0"
      },
      "lang": "js",
      "fileLocks": [
        {
          "type": "globalVariant",
          "assetId": "baDCoDx5Fi8x",
          "checksum": "0fd926d9146541744c4a1ac4a475c637"
        },
        {
          "assetId": "riVYfd7Jgv4QCX85Q24XGF",
          "type": "projectCss",
          "checksum": "0e077dc495074f354816e9e72828ad67"
        },
        {
          "type": "renderModule",
          "assetId": "R2DzhEe2XXrI",
          "checksum": "7b79e031cc1eeaa542c647a3ad22f510"
        },
        {
          "type": "cssRules",
          "assetId": "R2DzhEe2XXrI",
          "checksum": "7b79e031cc1eeaa542c647a3ad22f510"
        },
        {
          "type": "renderModule",
          "assetId": "aZmgWonGEMHQ",
          "checksum": "ff7914bd2ff78d445a26435cea62711f"
        },
        {
          "type": "cssRules",
          "assetId": "aZmgWonGEMHQ",
          "checksum": "ff7914bd2ff78d445a26435cea62711f"
        },
        {
          "type": "renderModule",
          "assetId": "iYpxsyXJZ5tE",
          "checksum": "0b4f4579cb901d8496ed6f1dc80f87ca"
        },
        {
          "type": "cssRules",
          "assetId": "iYpxsyXJZ5tE",
          "checksum": "0b4f4579cb901d8496ed6f1dc80f87ca"
        },
        {
          "type": "renderModule",
          "assetId": "EggimkGtIalQ",
          "checksum": "fd80a230e04a2c0acc8b59b21c67fe4b"
        },
        {
          "type": "cssRules",
          "assetId": "EggimkGtIalQ",
          "checksum": "fd80a230e04a2c0acc8b59b21c67fe4b"
        },
        {
          "type": "renderModule",
          "assetId": "_MiZmsadC1QZ",
          "checksum": "a82534d2faa7e6970127feb5d96635c1"
        },
        {
          "type": "cssRules",
          "assetId": "_MiZmsadC1QZ",
          "checksum": "a82534d2faa7e6970127feb5d96635c1"
        },
        {
          "type": "renderModule",
          "assetId": "4dNazJFgvWCh",
          "checksum": "561d5d1fa9c174483a697318d66d1f61"
        },
        {
          "type": "cssRules",
          "assetId": "4dNazJFgvWCh",
          "checksum": "561d5d1fa9c174483a697318d66d1f61"
        },
        {
          "type": "renderModule",
          "assetId": "JLw-SA9ZPY_M",
          "checksum": "38d0cc565c02b1ff1daa083827f83888"
        },
        {
          "type": "cssRules",
          "assetId": "JLw-SA9ZPY_M",
          "checksum": "38d0cc565c02b1ff1daa083827f83888"
        },
        {
          "type": "renderModule",
          "assetId": "lIZrWnRfeFei",
          "checksum": "ad4e19d17cb582ffdd22006f9195c400"
        },
        {
          "type": "cssRules",
          "assetId": "lIZrWnRfeFei",
          "checksum": "ad4e19d17cb582ffdd22006f9195c400"
        },
        {
          "type": "renderModule",
          "assetId": "go_qwgRsSvwe",
          "checksum": "98ceb31272fe9e32e6c385e5fe77ce51"
        },
        {
          "type": "cssRules",
          "assetId": "go_qwgRsSvwe",
          "checksum": "98ceb31272fe9e32e6c385e5fe77ce51"
        },
        {
          "type": "renderModule",
          "assetId": "w3nF0V1KWe-5",
          "checksum": "95b1ac36a79e74dae33ff9a04f2e556c"
        },
        {
          "type": "cssRules",
          "assetId": "w3nF0V1KWe-5",
          "checksum": "95b1ac36a79e74dae33ff9a04f2e556c"
        },
        {
          "type": "renderModule",
          "assetId": "WWUYgiNbqHh6",
          "checksum": "2401f6f562e28af1fbabbb17e4b396d8"
        },
        {
          "type": "cssRules",
          "assetId": "WWUYgiNbqHh6",
          "checksum": "2401f6f562e28af1fbabbb17e4b396d8"
        },
        {
          "type": "renderModule",
          "assetId": "Ujg1hRoUVmLz",
          "checksum": "e4172e5f75b7e473dd87d7ec1d1bbb95"
        },
        {
          "type": "cssRules",
          "assetId": "Ujg1hRoUVmLz",
          "checksum": "e4172e5f75b7e473dd87d7ec1d1bbb95"
        },
        {
          "type": "renderModule",
          "assetId": "PTywS8k5lqR1",
          "checksum": "8424b78dd9b80320f2dd1f69dc06c628"
        },
        {
          "type": "cssRules",
          "assetId": "PTywS8k5lqR1",
          "checksum": "8424b78dd9b80320f2dd1f69dc06c628"
        },
        {
          "type": "renderModule",
          "assetId": "eKgU3cCDEVhe",
          "checksum": "43c79aa8115baca2dcbbf4670603e30f"
        },
        {
          "type": "cssRules",
          "assetId": "eKgU3cCDEVhe",
          "checksum": "43c79aa8115baca2dcbbf4670603e30f"
        },
        {
          "type": "renderModule",
          "assetId": "RU3mE6_LKxHE",
          "checksum": "3d9630711eca42386e1dfc38e467b015"
        },
        {
          "type": "cssRules",
          "assetId": "RU3mE6_LKxHE",
          "checksum": "3d9630711eca42386e1dfc38e467b015"
        },
        {
          "type": "icon",
          "assetId": "oqaJOBHnwkMz",
          "checksum": "2ef2dd53ce8b7e7845424f7c586d15de"
        },
        {
          "type": "icon",
          "assetId": "uDglA6BaCbo8",
          "checksum": "6b8fd79dd2ec257d442caad192f4a20d"
        },
        {
          "type": "icon",
          "assetId": "ku59NEMVj-9a",
          "checksum": "74b6e5468050992fd008a62123340dcf"
        },
        {
          "type": "icon",
          "assetId": "ZjwqWSTV6Jul",
          "checksum": "5f8f47957623db474dea9d48e658cdcb"
        },
        {
          "type": "icon",
          "assetId": "uKSJZ9CTc6wY",
          "checksum": "76dc48542ee4d074d40cb8f0b74ff567"
        },
        {
          "type": "icon",
          "assetId": "ZeWtWlRNz7wy",
          "checksum": "e86ebc16b4fcd5ba32b22e6db60af316"
        },
        {
          "type": "icon",
          "assetId": "VTKvCL729AUF",
          "checksum": "aa0b5f7165c450a4b0e827fb667a35a2"
        },
        {
          "type": "icon",
          "assetId": "_RAIKXQWlAcd",
          "checksum": "9b2827137d516a22190dbd8e687adfe1"
        },
        {
          "type": "icon",
          "assetId": "H8DoIJMZjFzz",
          "checksum": "0462c1b1a0fe2c0e156670451a25d73b"
        },
        {
          "type": "icon",
          "assetId": "Fpj_o6sdYpZq",
          "checksum": "c849ce644b65deec62228ab6ac45f586"
        },
        {
          "type": "icon",
          "assetId": "I8M-doEDkEYq",
          "checksum": "cbd6dc656ee3e2b4e465d5513a92a0cf"
        },
        {
          "type": "icon",
          "assetId": "voFbJqkBg_ZC",
          "checksum": "a703d22132a1fba95c15756a971b2a7c"
        },
        {
          "type": "icon",
          "assetId": "jiqrtuZtK1FT",
          "checksum": "b9b5f05b30729efb52b9e4c8a7c5d7e9"
        },
        {
          "type": "icon",
          "assetId": "Tn2ow5knqCKN",
          "checksum": "c92f0d5dd0c7200f5e9d46566790850d"
        },
        {
          "type": "icon",
          "assetId": "Pfk3FQ-ySqOx",
          "checksum": "a01abb547a2e995e6c62457a15d99374"
        },
        {
          "type": "icon",
          "assetId": "p401kbUcHjfv",
          "checksum": "bca5ac037c7ff76a97a14ca1f792f56d"
        },
        {
          "type": "icon",
          "assetId": "gnwBYoaxaMUC",
          "checksum": "8aba470af7e93145681bb0ce4d49b8a6"
        },
        {
          "type": "icon",
          "assetId": "JSU2gtrWZc8r",
          "checksum": "2b7ba97e2235f7bc93bcf9117f22b42e"
        },
        {
          "type": "icon",
          "assetId": "KaHc7OV7q9TE",
          "checksum": "35a65d9da96f8f1d5f9c7e130a69bef4"
        },
        {
          "type": "icon",
          "assetId": "3Wd9fmGK4ESh",
          "checksum": "5be9ac34ee21396b12118b04b0dfc4a5"
        },
        {
          "type": "icon",
          "assetId": "e04pV13uoGv1",
          "checksum": "4ab802557d263b735d647d4047c201c8"
        },
        {
          "type": "icon",
          "assetId": "MReOjqX735z1",
          "checksum": "49d64fb68abc3db8daea550bdb2ac636"
        },
        {
          "type": "icon",
          "assetId": "zYbO6ZPiLjIV",
          "checksum": "00c5b8092ecd4ea3fd5d48fa318707cc"
        },
        {
          "type": "icon",
          "assetId": "79eJGvMqW8rd",
          "checksum": "d4e169d4c3485b194de246c472b34fa9"
        },
        {
          "type": "icon",
          "assetId": "EN1IqNgFLXlw",
          "checksum": "c46459c19a68d917c384e9afa79dcc5f"
        },
        {
          "type": "icon",
          "assetId": "RBLdkUz9JLTm",
          "checksum": "1e2ef8b2c280f396d184b63740ba79c1"
        },
        {
          "type": "icon",
          "assetId": "nTLvkHylKF_R",
          "checksum": "959af5bdc62ae22d8ed9958893e6db7b"
        },
        {
          "type": "icon",
          "assetId": "Wh4wz11P9Bug",
          "checksum": "f52e6e3560f7e412d9135947e158f74b"
        },
        {
          "type": "icon",
          "assetId": "npztDnL7TciT",
          "checksum": "0095c4a1c264f352a13fc78e485aeba2"
        },
        {
          "type": "icon",
          "assetId": "j1pV43WjBtQJ",
          "checksum": "f81834e31a8b94dfbbf9038333f5001a"
        },
        {
          "type": "icon",
          "assetId": "Zj3My7Uvwpuy",
          "checksum": "bf52d059f1e0bee2babd13a84d5b6f40"
        },
        {
          "type": "icon",
          "assetId": "5ia5ooWw49ms",
          "checksum": "8201ebcf8bcda558e2231e44e32d259a"
        },
        {
          "type": "icon",
          "assetId": "YVa7oFwpfafx",
          "checksum": "8d50a663a700527786bb119089d0560c"
        },
        {
          "type": "icon",
          "assetId": "m2AwxG0LEPFt",
          "checksum": "6bc2c322ef53be1df9ceede94ac410cb"
        },
        {
          "type": "icon",
          "assetId": "PNP7XY0Ez_Fv",
          "checksum": "cb5df9d12a7ccee005ddac8d7303cbdc"
        },
        {
          "type": "icon",
          "assetId": "3hFl6_dq3sKZ",
          "checksum": "7312c7d669dfaa7bea89b9b39ab1cdcb"
        },
        {
          "type": "icon",
          "assetId": "8xXxMXamqsBY",
          "checksum": "550d97be28e8ed12e444452292522f4a"
        },
        {
          "type": "icon",
          "assetId": "fF6mgcDklY1H",
          "checksum": "f579753fc435a50f6b81c6418793ef36"
        },
        {
          "type": "icon",
          "assetId": "djECFkslMy7m",
          "checksum": "0c43d056d3090d0cb6efa652778801b0"
        },
        {
          "type": "icon",
          "assetId": "2QLhqh3Zv3Z0",
          "checksum": "01d9130cde611d3f28f54ba1e5b6535a"
        },
        {
          "type": "icon",
          "assetId": "Ybtv3E_LgQH5",
          "checksum": "08934e681a5d161f5edaedd98f0c3b52"
        },
        {
          "type": "icon",
          "assetId": "jEDpkbWu0pFt",
          "checksum": "636c9e2f3f0104268d885d3a0c5b5393"
        },
        {
          "type": "image",
          "assetId": "KI_zDzzGxDSe",
          "checksum": "08f0c84b82ae6d50075af06377e7c025"
        },
        {
          "type": "image",
          "assetId": "LlI3W5-2tEwm",
          "checksum": "e1339f5d160c62ed4ebed23fe184daa5"
        },
        {
          "type": "image",
          "assetId": "I4E9AIChRIMU",
          "checksum": "49f2bcb638e1ad2df06ffe9dc8694698"
        },
        {
          "type": "image",
          "assetId": "1n4waYdeBx07",
          "checksum": "52423c99b54cb7235992a71ea371e79e"
        },
        {
          "type": "image",
          "assetId": "pRnOG2_O5K89",
          "checksum": "f6497b827d095edf1f3f3ea94383e063"
        },
        {
          "type": "image",
          "assetId": "Q8vxT7nHxpCH",
          "checksum": "185fd4a3463ebec8afd72edfb8e3a1cb"
        },
        {
          "type": "image",
          "assetId": "q3IrYictZCL4",
          "checksum": "72ac04f0256388df35d0229ac1e025ab"
        },
        {
          "type": "image",
          "assetId": "IyfHGebO6Lv_",
          "checksum": "b99fe0ad344ce88dade8711c1d6b6bf5"
        },
        {
          "type": "image",
          "assetId": "j3YFC9y3nOjo",
          "checksum": "b3f1f905483f5cff52fa3b338fc68d22"
        },
        {
          "type": "image",
          "assetId": "gjSQjQuIayvR",
          "checksum": "01c896d36a9774c6f115b86b10c2b047"
        },
        {
          "type": "image",
          "assetId": "OWxhgyFrE4Vg",
          "checksum": "c96c7277d91b028b45ef5c3aeccc0579"
        },
        {
          "type": "image",
          "assetId": "r3xmw10hrujD",
          "checksum": "e71ecc0bfa7c368cbde213ebdfb6e46e"
        },
        {
          "type": "image",
          "assetId": "_uElM_bX5_N1",
          "checksum": "88820fd86b3fabb0b4cd1a1527d19139"
        },
        {
          "type": "image",
          "assetId": "7fwFTenZrWJN",
          "checksum": "4dc2060e71ed2bea6ea7467c1c7b1360"
        },
        {
          "type": "image",
          "assetId": "6FSaUjx9vFvR",
          "checksum": "23975848b167d75a59bdaa9cb00cacdd"
        },
        {
          "type": "image",
          "assetId": "nktnUlvxu_eG",
          "checksum": "ceb3b67bf3086d1ec64aebd240ce2335"
        },
        {
          "type": "image",
          "assetId": "9u3_7TG_1J1M",
          "checksum": "3f27bf4e39fb7c588ab24391b6231a3a"
        },
        {
          "type": "image",
          "assetId": "u9XkgOaFn3Rf",
          "checksum": "cc94938afa6884f7fd9d9b4af32475c3"
        },
        {
          "type": "image",
          "assetId": "sujxkUYhiR-o",
          "checksum": "b22b9e84843c86f1d2fc0fad4763cee7"
        },
        {
          "type": "image",
          "assetId": "l2BuMXNf0kbX",
          "checksum": "e6e80d5f1fc86e05370bef11bb5f6087"
        },
        {
          "type": "image",
          "assetId": "Ua8-lACp8tKP",
          "checksum": "8906aca5a432845822512a41944e2e6a"
        },
        {
          "type": "image",
          "assetId": "NH8BYFfTy4fj",
          "checksum": "0e4f12765e936116779b70f108091f1c"
        },
        {
          "type": "image",
          "assetId": "pMSZDm-vHH-G",
          "checksum": "7388e41f4b1cd8e24f245ee3680dff3a"
        },
        {
          "type": "image",
          "assetId": "hq0YkScIqcZj",
          "checksum": "7e45d88af62596ed3a9de4736dbdcf0e"
        },
        {
          "type": "image",
          "assetId": "N2L_LLCwt5kW",
          "checksum": "f1c775667b73905d5f7a4977f9698f6c"
        },
        {
          "type": "image",
          "assetId": "duVK7hSjDAII",
          "checksum": "a3eecc93dbeb68efaf380dc94397dd48"
        },
        {
          "type": "image",
          "assetId": "83l_r4aVuBGw",
          "checksum": "867a2f80aaa41452c4064549d9396795"
        },
        {
          "type": "image",
          "assetId": "DMENi89DMbWs",
          "checksum": "1a30499facf9574ee6bfe498b355c3fe"
        },
        {
          "type": "image",
          "assetId": "0OX-ah_31dST",
          "checksum": "924ed2bdfc8db82c5d488b54a4782111"
        },
        {
          "type": "image",
          "assetId": "3ugUdlCmRix6",
          "checksum": "a553e00c9b77c0ff41421d71498842f3"
        },
        {
          "type": "image",
          "assetId": "DM68AuYL9RRc",
          "checksum": "9ae8433cdefff49456179b080e5151c0"
        },
        {
          "type": "image",
          "assetId": "vwqcRsOiqjzg",
          "checksum": "819e534364bc05d154299dd8de72f798"
        }
      ],
      "codegenVersion": "0.0.1"
    }
  ],
  "cliVersion": "0.1.337"
}
